<Solution>
  <Folder Name="/src/">
    <Project Path="src/Handoff.Domain/Handoff.Domain.csproj" />
    <Project Path="src/Handoff.WebApi/Handoff.WebApi.csproj" />
  </Folder>
  <Folder Name="/test/">
    <Project Path="test/Handoff.Domain.Tests/Handoff.Domain.Tests.csproj" />
    <Project Path="test/Handoff.WebApi.Tests/Handoff.WebApi.Tests.csproj" />
  </Folder>
</Solution>
